
Microsoft Visual Studio Solution File, Format Version 12.00
# Visual Studio Version 17
VisualStudioVersion = 17.13.35931.197
MinimumVisualStudioVersion = 10.0.40219.1
Project("{FAE04EC0-301F-11D3-BF4B-00C04F79EFBC}") = "webapiinvestimento", "webapiinvestimento\webapiinvestimento.csproj", "{26A682E1-B6EC-4103-A36E-F977FE427DE2}"
EndProject
Project("{FAE04EC0-301F-11D3-BF4B-00C04F79EFBC}") = "webapiinvestimento.Tests", "webapiinvestimento.Tests\webapiinvestimento.Tests.csproj", "{A928A33B-0E00-4636-877A-FFBD4A964305}"
EndProject
Project("{E53339B2-1760-4266-BCC7-CA923CBCF16C}") = "docker-compose", "docker-compose.dcproj", "{81DDED9D-158B-E303-5F62-77A2896D2A5A}"
EndProject
Global
	GlobalSection(SolutionConfigurationPlatforms) = preSolution
		Debug|Any CPU = Debug|Any CPU
		Release|Any CPU = Release|Any CPU
	EndGlobalSection
	GlobalSection(ProjectConfigurationPlatforms) = postSolution
		{26A682E1-B6EC-4103-A36E-F977FE427DE2}.Debug|Any CPU.ActiveCfg = Debug|Any CPU
		{26A682E1-B6EC-4103-A36E-F977FE427DE2}.Debug|Any CPU.Build.0 = Debug|Any CPU
		{26A682E1-B6EC-4103-A36E-F977FE427DE2}.Release|Any CPU.ActiveCfg = Release|Any CPU
		{26A682E1-B6EC-4103-A36E-F977FE427DE2}.Release|Any CPU.Build.0 = Release|Any CPU
		{A928A33B-0E00-4636-877A-FFBD4A964305}.Debug|Any CPU.ActiveCfg = Debug|Any CPU
		{A928A33B-0E00-4636-877A-FFBD4A964305}.Debug|Any CPU.Build.0 = Debug|Any CPU
		{A928A33B-0E00-4636-877A-FFBD4A964305}.Release|Any CPU.ActiveCfg = Release|Any CPU
		{A928A33B-0E00-4636-877A-FFBD4A964305}.Release|Any CPU.Build.0 = Release|Any CPU
		{81DDED9D-158B-E303-5F62-77A2896D2A5A}.Debug|Any CPU.ActiveCfg = Debug|Any CPU
		{81DDED9D-158B-E303-5F62-77A2896D2A5A}.Debug|Any CPU.Build.0 = Debug|Any CPU
		{81DDED9D-158B-E303-5F62-77A2896D2A5A}.Release|Any CPU.ActiveCfg = Release|Any CPU
		{81DDED9D-158B-E303-5F62-77A2896D2A5A}.Release|Any CPU.Build.0 = Release|Any CPU
	EndGlobalSection
	GlobalSection(SolutionProperties) = preSolution
		HideSolutionNode = FALSE
	EndGlobalSection
	GlobalSection(ExtensibilityGlobals) = postSolution
		SolutionGuid = {834BFDB2-0BD6-4366-9B3F-DD4F8B3ACDD0}
	EndGlobalSection
EndGlobal
